{
  "name": "BlazorSQLDemo",
  "lockfileVersion": 3,
  "requires": true,
  "packages": {
    "": {
      "dependencies": {
        "migration": "^0.3.0"
      }
    },
    "node_modules/migration": {
      "version": "0.3.0",
      "resolved": "https://registry.npmjs.org/migration/-/migration-0.3.0.tgz",
      "integrity": "sha512-Dnm/6N02IQBVq1ZCptA3T3NWZ9jfAe7bTQ8SaxoCBH8ahUmFwQkN6nb+eEwbM4PBPqN+11NzNYxytrnalXV4sw==",
      "dependencies": {
        "moment": "~2.0.0"
      },
      "bin": {
        "migrate": "bin/migrate"
      },
      "engines": {
        "node": ">=0.8.0",
        "npm": ">=1.2.10"
      }
    },
    "node_modules/moment": {
      "version": "2.0.0",
      "resolved": "https://registry.npmjs.org/moment/-/moment-2.0.0.tgz",
      "integrity": "sha512-l3jCjCJfC6pIuca13GMpCU4liEYvYk17XpFgpJSyLp8RX+dwdgrZBvtkaofmIigplezbG1VZFUgQbDFRSd37YA==",
      "engines": {
        "node": "*"
      }
    }
  }
}
